
Microsoft Visual Studio Solution File, Format Version 12.00
# Visual Studio Version 17
VisualStudioVersion = 17.11.35327.3
MinimumVisualStudioVersion = 10.0.40219.1
Project("{8BC9CEB8-8B4A-11D0-8D11-00A0C91BC942}") = "Sellow_HUB", "Sellow_HUB\Sellow_HUB.vcxproj", "{6EBCA651-D869-47B9-9BC2-D36AC27A528C}"
EndProject
Project("{FAE04EC0-301F-11D3-BF4B-00C04F79EFBC}") = "SellowConnectService", "SellowConnectService\SellowConnectService.csproj", "{F3495E8D-4BF5-49EC-B310-430EAC4B175D}"
EndProject
Global
	GlobalSection(SolutionConfigurationPlatforms) = preSolution
		Debug|Any CPU = Debug|Any CPU
		Debug|x64 = Debug|x64
		Debug|x86 = Debug|x86
		Release|Any CPU = Release|Any CPU
		Release|x64 = Release|x64
		Release|x86 = Release|x86
	EndGlobalSection
	GlobalSection(ProjectConfigurationPlatforms) = postSolution
		{6EBCA651-D869-47B9-9BC2-D36AC27A528C}.Debug|Any CPU.ActiveCfg = Debug|x64
		{6EBCA651-D869-47B9-9BC2-D36AC27A528C}.Debug|Any CPU.Build.0 = Debug|x64
		{6EBCA651-D869-47B9-9BC2-D36AC27A528C}.Debug|x64.ActiveCfg = Debug|x64
		{6EBCA651-D869-47B9-9BC2-D36AC27A528C}.Debug|x64.Build.0 = Debug|x64
		{6EBCA651-D869-47B9-9BC2-D36AC27A528C}.Debug|x86.ActiveCfg = Debug|Win32
		{6EBCA651-D869-47B9-9BC2-D36AC27A528C}.Debug|x86.Build.0 = Debug|Win32
		{6EBCA651-D869-47B9-9BC2-D36AC27A528C}.Release|Any CPU.ActiveCfg = Release|x64
		{6EBCA651-D869-47B9-9BC2-D36AC27A528C}.Release|Any CPU.Build.0 = Release|x64
		{6EBCA651-D869-47B9-9BC2-D36AC27A528C}.Release|x64.ActiveCfg = Release|x64
		{6EBCA651-D869-47B9-9BC2-D36AC27A528C}.Release|x64.Build.0 = Release|x64
		{6EBCA651-D869-47B9-9BC2-D36AC27A528C}.Release|x86.ActiveCfg = Release|Win32
		{6EBCA651-D869-47B9-9BC2-D36AC27A528C}.Release|x86.Build.0 = Release|Win32
		{F3495E8D-4BF5-49EC-B310-430EAC4B175D}.Debug|Any CPU.ActiveCfg = Debug|Any CPU
		{F3495E8D-4BF5-49EC-B310-430EAC4B175D}.Debug|Any CPU.Build.0 = Debug|Any CPU
		{F3495E8D-4BF5-49EC-B310-430EAC4B175D}.Debug|x64.ActiveCfg = Debug|Any CPU
		{F3495E8D-4BF5-49EC-B310-430EAC4B175D}.Debug|x64.Build.0 = Debug|Any CPU
		{F3495E8D-4BF5-49EC-B310-430EAC4B175D}.Debug|x86.ActiveCfg = Debug|Any CPU
		{F3495E8D-4BF5-49EC-B310-430EAC4B175D}.Debug|x86.Build.0 = Debug|Any CPU
		{F3495E8D-4BF5-49EC-B310-430EAC4B175D}.Release|Any CPU.ActiveCfg = Release|Any CPU
		{F3495E8D-4BF5-49EC-B310-430EAC4B175D}.Release|Any CPU.Build.0 = Release|Any CPU
		{F3495E8D-4BF5-49EC-B310-430EAC4B175D}.Release|x64.ActiveCfg = Release|Any CPU
		{F3495E8D-4BF5-49EC-B310-430EAC4B175D}.Release|x64.Build.0 = Release|Any CPU
		{F3495E8D-4BF5-49EC-B310-430EAC4B175D}.Release|x86.ActiveCfg = Release|Any CPU
		{F3495E8D-4BF5-49EC-B310-430EAC4B175D}.Release|x86.Build.0 = Release|Any CPU
	EndGlobalSection
	GlobalSection(SolutionProperties) = preSolution
		HideSolutionNode = FALSE
	EndGlobalSection
	GlobalSection(ExtensibilityGlobals) = postSolution
		SolutionGuid = {60B73F02-E5C0-4982-9EA8-CB7A90D680BC}
	EndGlobalSection
EndGlobal
